
Microsoft Visual Studio Solution File, Format Version 12.00
# Visual Studio Version 17
VisualStudioVersion = 17.7.34221.43
MinimumVisualStudioVersion = 10.0.40219.1
Project("{8BC9CEB8-8B4A-11D0-8D11-00A0C91BC942}") = "Project", "Project\Project.vcxproj", "{A9A866DC-0C57-4A27-8F44-B7775D4B87B2}"
EndProject
Global
	GlobalSection(SolutionConfigurationPlatforms) = preSolution
		Debug|x64 = Debug|x64
		Debug|x86 = Debug|x86
		Release|x64 = Release|x64
		Release|x86 = Release|x86
	EndGlobalSection
	GlobalSection(ProjectConfigurationPlatforms) = postSolution
		{A9A866DC-0C57-4A27-8F44-B7775D4B87B2}.Debug|x64.ActiveCfg = Debug|x64
		{A9A866DC-0C57-4A27-8F44-B7775D4B87B2}.Debug|x64.Build.0 = Debug|x64
		{A9A866DC-0C57-4A27-8F44-B7775D4B87B2}.Debug|x86.ActiveCfg = Debug|Win32
		{A9A866DC-0C57-4A27-8F44-B7775D4B87B2}.Debug|x86.Build.0 = Debug|Win32
		{A9A866DC-0C57-4A27-8F44-B7775D4B87B2}.Release|x64.ActiveCfg = Release|x64
		{A9A866DC-0C57-4A27-8F44-B7775D4B87B2}.Release|x64.Build.0 = Release|x64
		{A9A866DC-0C57-4A27-8F44-B7775D4B87B2}.Release|x86.ActiveCfg = Release|Win32
		{A9A866DC-0C57-4A27-8F44-B7775D4B87B2}.Release|x86.Build.0 = Release|Win32
	EndGlobalSection
	GlobalSection(SolutionProperties) = preSolution
		HideSolutionNode = FALSE
	EndGlobalSection
	GlobalSection(ExtensibilityGlobals) = postSolution
		SolutionGuid = {309BE77D-4543-42F7-BD86-BC616AA1C6ED}
	EndGlobalSection
EndGlobal
